
Microsoft Visual Studio Solution File, Format Version 12.00
# Visual Studio Version 17
VisualStudioVersion = 17.11.35222.181
MinimumVisualStudioVersion = 10.0.40219.1
Project("{FAE04EC0-301F-11D3-BF4B-00C04F79EFBC}") = "Calculadora1", "Calculadora1.csproj", "{9B121730-0EEA-4F46-9062-FD4A96EB6886}"
EndProject
Project("{FAE04EC0-301F-11D3-BF4B-00C04F79EFBC}") = "Consola", "..\Consola\Consola.csproj", "{DF43648D-4D7D-4239-A1D9-A74AC59BDCC8}"
EndProject
Global
	GlobalSection(SolutionConfigurationPlatforms) = preSolution
		Debug|Any CPU = Debug|Any CPU
		Release|Any CPU = Release|Any CPU
	EndGlobalSection
	GlobalSection(ProjectConfigurationPlatforms) = postSolution
		{9B121730-0EEA-4F46-9062-FD4A96EB6886}.Debug|Any CPU.ActiveCfg = Debug|Any CPU
		{9B121730-0EEA-4F46-9062-FD4A96EB6886}.Debug|Any CPU.Build.0 = Debug|Any CPU
		{9B121730-0EEA-4F46-9062-FD4A96EB6886}.Release|Any CPU.ActiveCfg = Release|Any CPU
		{9B121730-0EEA-4F46-9062-FD4A96EB6886}.Release|Any CPU.Build.0 = Release|Any CPU
		{DF43648D-4D7D-4239-A1D9-A74AC59BDCC8}.Debug|Any CPU.ActiveCfg = Debug|Any CPU
		{DF43648D-4D7D-4239-A1D9-A74AC59BDCC8}.Debug|Any CPU.Build.0 = Debug|Any CPU
		{DF43648D-4D7D-4239-A1D9-A74AC59BDCC8}.Release|Any CPU.ActiveCfg = Release|Any CPU
		{DF43648D-4D7D-4239-A1D9-A74AC59BDCC8}.Release|Any CPU.Build.0 = Release|Any CPU
	EndGlobalSection
	GlobalSection(SolutionProperties) = preSolution
		HideSolutionNode = FALSE
	EndGlobalSection
	GlobalSection(ExtensibilityGlobals) = postSolution
		SolutionGuid = {508C0CF1-9483-4CEF-AEE0-984F534432B7}
	EndGlobalSection
EndGlobal
